
Microsoft Visual Studio Solution File, Format Version 12.00
# Visual Studio Version 17
VisualStudioVersion = 17.3.32929.385
MinimumVisualStudioVersion = 10.0.40219.1
Project("{FAE04EC0-301F-11D3-BF4B-00C04F79EFBC}") = "BasicGeneralCode", "BasicGeneralCode.csproj", "{652F0A40-25D4-4AE5-A428-49719CD3529F}"
EndProject
Global
	GlobalSection(SolutionConfigurationPlatforms) = preSolution
		Debug|Any CPU = Debug|Any CPU
		Release|Any CPU = Release|Any CPU
	EndGlobalSection
	GlobalSection(ProjectConfigurationPlatforms) = postSolution
		{652F0A40-25D4-4AE5-A428-49719CD3529F}.Debug|Any CPU.ActiveCfg = Debug|Any CPU
		{652F0A40-25D4-4AE5-A428-49719CD3529F}.Debug|Any CPU.Build.0 = Debug|Any CPU
		{652F0A40-25D4-4AE5-A428-49719CD3529F}.Release|Any CPU.ActiveCfg = Release|Any CPU
		{652F0A40-25D4-4AE5-A428-49719CD3529F}.Release|Any CPU.Build.0 = Release|Any CPU
	EndGlobalSection
	GlobalSection(SolutionProperties) = preSolution
		HideSolutionNode = FALSE
	EndGlobalSection
	GlobalSection(ExtensibilityGlobals) = postSolution
		SolutionGuid = {BCB86E77-3B52-429A-A6C4-4C3ED403AA39}
	EndGlobalSection
EndGlobal
